# THIS IS AN AUTOGENERATED FILE. DO NOT EDIT THIS FILE DIRECTLY.
# yarn lockfile v1


"@babel/code-frame@^7.26.2":
  version "7.27.1"
  resolved "https://registry.yarnpkg.com/@babel/code-frame/-/code-frame-7.27.1.tgz#200f715e66d52a23b221a9435534a91cc13ad5be"
  integrity sha512-cjQ7ZlQ0Mv3b47hABuTevyTuYN4i+loJKGeV9flcCgIK37cCXRh+L1bd3iBHlynerhQ7BhCkn2BPbQUL+rGqFg==
  dependencies:
    "@babel/helper-validator-identifier" "^7.27.1"
    js-tokens "^4.0.0"
    picocolors "^1.1.1"

"@babel/helper-validator-identifier@^7.27.1":
  version "7.27.1"
  resolved "https://registry.yarnpkg.com/@babel/helper-validator-identifier/-/helper-validator-identifier-7.27.1.tgz#a7054dcc145a967dd4dc8fee845a57c1316c9df8"
  integrity sha512-D2hP9eA+Sqx1kBZgzxZh0y1trbuU+JoDkiEwqhQ36nodYqJwyEIhPSdMNd7lOm/4io72luTPWH20Yda0xOuUow==

"@redocly/ajv@^8.11.2":
  version "8.11.2"
  resolved "https://registry.yarnpkg.com/@redocly/ajv/-/ajv-8.11.2.tgz#46e1bf321ec0ac1e0fd31dea41a3d1fcbdcda0b5"
  integrity sha512-io1JpnwtIcvojV7QKDUSIuMN/ikdOUd1ReEnUnMKGfDVridQZ31J0MmIuqwuRjWDZfmvr+Q0MqCcfHM2gTivOg==
  dependencies:
    fast-deep-equal "^3.1.1"
    json-schema-traverse "^1.0.0"
    require-from-string "^2.0.2"
    uri-js-replace "^1.0.1"

"@redocly/config@^0.22.0":
  version "0.22.2"
  resolved "https://registry.yarnpkg.com/@redocly/config/-/config-0.22.2.tgz#9a05e694816d53a5236cf8768d3cad0e49d8b116"
  integrity sha512-roRDai8/zr2S9YfmzUfNhKjOF0NdcOIqF7bhf4MVC5UxpjIysDjyudvlAiVbpPHp3eDRWbdzUgtkK1a7YiDNyQ==

"@redocly/openapi-core@^1.34.2":
  version "1.34.2"
  resolved "https://registry.yarnpkg.com/@redocly/openapi-core/-/openapi-core-1.34.2.tgz#859de74a3261fb09a3dc695be4a8d9b1f2059d75"
  integrity sha512-glfkQFJizLdq2fBkNvc2FJW0sxDb5exd0wIXhFk+WHaFLMREBC3CxRo2Zq7uJIdfV9U3YTceMbXJklpDfmmwFQ==
  dependencies:
    "@redocly/ajv" "^8.11.2"
    "@redocly/config" "^0.22.0"
    colorette "^1.2.0"
    https-proxy-agent "^7.0.5"
    js-levenshtein "^1.1.6"
    js-yaml "^4.1.0"
    minimatch "^5.0.1"
    pluralize "^8.0.0"
    yaml-ast-parser "0.0.43"

agent-base@^7.1.2:
  version "7.1.3"
  resolved "https://registry.yarnpkg.com/agent-base/-/agent-base-7.1.3.tgz#29435eb821bc4194633a5b89e5bc4703bafc25a1"
  integrity sha512-jRR5wdylq8CkOe6hei19GGZnxM6rBGwFl3Bg0YItGDimvjGtAvdZk4Pu6Cl4u4Igsws4a1fd1Vq3ezrhn4KmFw==

ansi-colors@^4.1.3:
  version "4.1.3"
  resolved "https://registry.yarnpkg.com/ansi-colors/-/ansi-colors-4.1.3.tgz#37611340eb2243e70cc604cad35d63270d48781b"
  integrity sha512-/6w/C21Pm1A7aZitlI5Ni/2J6FFQN8i1Cvz3kHABAAbw93v/NlvKdVOqz7CCWz/3iv/JplRSEEZ83XION15ovw==

argparse@^2.0.1:
  version "2.0.1"
  resolved "https://registry.yarnpkg.com/argparse/-/argparse-2.0.1.tgz#246f50f3ca78a3240f6c997e8a9bd1eac49e4b38"
  integrity sha512-8+9WqebbFzpX9OR+Wa6O29asIogeRMzcGtAINdpMHHyAg10f05aSFVBbcEqGf/PXw1EjAZ+q2/bEBg3DvurK3Q==

balanced-match@^1.0.0:
  version "1.0.2"
  resolved "https://registry.yarnpkg.com/balanced-match/-/balanced-match-1.0.2.tgz#e83e3a7e3f300b34cb9d87f615fa0cbf357690ee"
  integrity sha512-3oSeUO0TMV67hN1AmbXsK4yaqU7tjiHlbxRDZOpH0KW9+CeX4bRAaX0Anxt0tx2MrpRpWwQaPwIlISEJhYU5Pw==

brace-expansion@^2.0.1:
  version "2.0.1"
  resolved "https://registry.yarnpkg.com/brace-expansion/-/brace-expansion-2.0.1.tgz#1edc459e0f0c548486ecf9fc99f2221364b9a0ae"
  integrity sha512-XnAIvQ8eM+kC6aULx6wuQiwVsnzsi9d3WxzV3FpWTGA19F621kwdbsAcFKXgKUHZWsy+mY6iL1sHTxWEFCytDA==
  dependencies:
    balanced-match "^1.0.0"

change-case@^5.4.4:
  version "5.4.4"
  resolved "https://registry.yarnpkg.com/change-case/-/change-case-5.4.4.tgz#0d52b507d8fb8f204343432381d1a6d7bff97a02"
  integrity sha512-HRQyTk2/YPEkt9TnUPbOpr64Uw3KOicFWPVBb+xiHvd6eBx/qPr9xqfBFDT8P2vWsvvz4jbEkfDe71W3VyNu2w==

colorette@^1.2.0:
  version "1.4.0"
  resolved "https://registry.yarnpkg.com/colorette/-/colorette-1.4.0.tgz#5190fbb87276259a86ad700bff2c6d6faa3fca40"
  integrity sha512-Y2oEozpomLn7Q3HFP7dpww7AtMJplbM9lGZP6RDfHqmbeRjiwRg4n6VM6j4KLmRke85uWEI7JqF17f3pqdRA0g==

debug@4:
  version "4.4.0"
  resolved "https://registry.yarnpkg.com/debug/-/debug-4.4.0.tgz#2b3f2aea2ffeb776477460267377dc8710faba8a"
  integrity sha512-6WTZ/IxCY/T6BALoZHaE4ctp9xm+Z5kY/pzYaCHRFeyVhojxlrm+46y68HA6hr0TcwEssoxNiDEUJQjfPZ/RYA==
  dependencies:
    ms "^2.1.3"

fast-deep-equal@^3.1.1:
  version "3.1.3"
  resolved "https://registry.yarnpkg.com/fast-deep-equal/-/fast-deep-equal-3.1.3.tgz#3a7d56b559d6cbc3eb512325244e619a65c6c525"
  integrity sha512-f3qQ9oQy9j2AhBe/H9VC91wLmKBCCU/gDOnKNAYG5hswO7BLKj09Hc5HYNz9cGI++xlpDCIgDaitVs03ATR84Q==

https-proxy-agent@^7.0.5:
  version "7.0.6"
  resolved "https://registry.yarnpkg.com/https-proxy-agent/-/https-proxy-agent-7.0.6.tgz#da8dfeac7da130b05c2ba4b59c9b6cd66611a6b9"
  integrity sha512-vK9P5/iUfdl95AI+JVyUuIcVtd4ofvtrOr3HNtM2yxC9bnMbEdp3x01OhQNnjb8IJYi38VlTE3mBXwcfvywuSw==
  dependencies:
    agent-base "^7.1.2"
    debug "4"

index-to-position@^1.1.0:
  version "1.1.0"
  resolved "https://registry.yarnpkg.com/index-to-position/-/index-to-position-1.1.0.tgz#2e50bd54c8040bdd6d9b3d95ec2a8fedf86b4d44"
  integrity sha512-XPdx9Dq4t9Qk1mTMbWONJqU7boCoumEH7fRET37HX5+khDUl3J2W6PdALxhILYlIYx2amlwYcRPp28p0tSiojg==

js-levenshtein@^1.1.6:
  version "1.1.6"
  resolved "https://registry.yarnpkg.com/js-levenshtein/-/js-levenshtein-1.1.6.tgz#c6cee58eb3550372df8deb85fad5ce66ce01d59d"
  integrity sha512-X2BB11YZtrRqY4EnQcLX5Rh373zbK4alC1FW7D7MBhL2gtcC17cTnr6DmfHZeS0s2rTHjUTMMHfG7gO8SSdw+g==

js-tokens@^4.0.0:
  version "4.0.0"
  resolved "https://registry.yarnpkg.com/js-tokens/-/js-tokens-4.0.0.tgz#19203fb59991df98e3a287050d4647cdeaf32499"
  integrity sha512-RdJUflcE3cUzKiMqQgsCu06FPu9UdIJO0beYbPhHN4k6apgJtifcoCtT9bcxOpYBtpD2kCM6Sbzg4CausW/PKQ==

js-yaml@^4.1.0:
  version "4.1.0"
  resolved "https://registry.yarnpkg.com/js-yaml/-/js-yaml-4.1.0.tgz#c1fb65f8f5017901cdd2c951864ba18458a10602"
  integrity sha512-wpxZs9NoxZaJESJGIZTyDEaYpl0FKSA+FB9aJiyemKhMwkxQg63h4T1KJgUGHpTqPDNRcmmYLugrRjJlBtWvRA==
  dependencies:
    argparse "^2.0.1"

json-schema-traverse@^1.0.0:
  version "1.0.0"
  resolved "https://registry.yarnpkg.com/json-schema-traverse/-/json-schema-traverse-1.0.0.tgz#ae7bcb3656ab77a73ba5c49bf654f38e6b6860e2"
  integrity sha512-NM8/P9n3XjXhIZn1lLhkFaACTOURQXjWhV4BA/RnOv8xvgqtqpAX9IO4mRQxSx1Rlo4tqzeqb0sOlruaOy3dug==

minimatch@^5.0.1:
  version "5.1.6"
  resolved "https://registry.yarnpkg.com/minimatch/-/minimatch-5.1.6.tgz#1cfcb8cf5522ea69952cd2af95ae09477f122a96"
  integrity sha512-lKwV/1brpG6mBUFHtb7NUmtABCb2WZZmm2wNiOA5hAb8VdCS4B3dtMWyvcoViccwAW/COERjXLt0zP1zXUN26g==
  dependencies:
    brace-expansion "^2.0.1"

ms@^2.1.3:
  version "2.1.3"
  resolved "https://registry.yarnpkg.com/ms/-/ms-2.1.3.tgz#574c8138ce1d2b5861f0b44579dbadd60c6615b2"
  integrity sha512-6FlzubTLZG3J2a/NVCAleEhjzq5oxgHyaCU9yYXvcLsvoVaHJq/s5xXI6/XXP6tz7R9xAOtHnSO/tXtF3WRTlA==

openapi-typescript@7.7.1:
  version "7.7.1"
  resolved "https://registry.yarnpkg.com/openapi-typescript/-/openapi-typescript-7.7.1.tgz#bda33a1dd65fbf67ef709e3b5112328266451c0e"
  integrity sha512-apa45jEOxcVfYHTD9eHpW0cR8yQn7jQFTCnSWNdjKbWmyjha8CMj1LdGHdk0Z70kFSR6EfjdDuOCY7PFICrNSg==
  dependencies:
    "@redocly/openapi-core" "^1.34.2"
    ansi-colors "^4.1.3"
    change-case "^5.4.4"
    parse-json "^8.3.0"
    supports-color "^9.4.0"
    yargs-parser "^21.1.1"

parse-json@^8.3.0:
  version "8.3.0"
  resolved "https://registry.yarnpkg.com/parse-json/-/parse-json-8.3.0.tgz#88a195a2157025139a2317a4f2f9252b61304ed5"
  integrity sha512-ybiGyvspI+fAoRQbIPRddCcSTV9/LsJbf0e/S85VLowVGzRmokfneg2kwVW/KU5rOXrPSbF1qAKPMgNTqqROQQ==
  dependencies:
    "@babel/code-frame" "^7.26.2"
    index-to-position "^1.1.0"
    type-fest "^4.39.1"

picocolors@^1.1.1:
  version "1.1.1"
  resolved "https://registry.yarnpkg.com/picocolors/-/picocolors-1.1.1.tgz#3d321af3eab939b083c8f929a1d12cda81c26b6b"
  integrity sha512-xceH2snhtb5M9liqDsmEw56le376mTZkEX/jEb/RxNFyegNul7eNslCXP9FDj/Lcu0X8KEyMceP2ntpaHrDEVA==

pluralize@^8.0.0:
  version "8.0.0"
  resolved "https://registry.yarnpkg.com/pluralize/-/pluralize-8.0.0.tgz#1a6fa16a38d12a1901e0320fa017051c539ce3b1"
  integrity sha512-Nc3IT5yHzflTfbjgqWcCPpo7DaKy4FnpB0l/zCAW0Tc7jxAiuqSxHasntB3D7887LSrA93kDJ9IXovxJYxyLCA==

require-from-string@^2.0.2:
  version "2.0.2"
  resolved "https://registry.yarnpkg.com/require-from-string/-/require-from-string-2.0.2.tgz#89a7fdd938261267318eafe14f9c32e598c36909"
  integrity sha512-Xf0nWe6RseziFMu+Ap9biiUbmplq6S9/p+7w7YXP/JBHhrUDDUhwa+vANyubuqfZWTveU//DYVGsDG7RKL/vEw==

supports-color@^9.4.0:
  version "9.4.0"
  resolved "https://registry.yarnpkg.com/supports-color/-/supports-color-9.4.0.tgz#17bfcf686288f531db3dea3215510621ccb55954"
  integrity sha512-VL+lNrEoIXww1coLPOmiEmK/0sGigko5COxI09KzHc2VJXJsQ37UaQ+8quuxjDeA7+KnLGTWRyOXSLLR2Wb4jw==

type-fest@^4.39.1:
  version "4.40.1"
  resolved "https://registry.yarnpkg.com/type-fest/-/type-fest-4.40.1.tgz#d78a09f08dd1081a434dd377967650cfd565401d"
  integrity sha512-9YvLNnORDpI+vghLU/Nf+zSv0kL47KbVJ1o3sKgoTefl6i+zebxbiDQWoe/oWWqPhIgQdRZRT1KA9sCPL810SA==

typescript@5.8.3:
  version "5.8.3"
  resolved "https://registry.yarnpkg.com/typescript/-/typescript-5.8.3.tgz#92f8a3e5e3cf497356f4178c34cd65a7f5e8440e"
  integrity sha512-p1diW6TqL9L07nNxvRMM7hMMw4c5XOo/1ibL4aAIGmSAt9slTE1Xgw5KWuof2uTOvCg9BY7ZRi+GaF+7sfgPeQ==

uri-js-replace@^1.0.1:
  version "1.0.1"
  resolved "https://registry.yarnpkg.com/uri-js-replace/-/uri-js-replace-1.0.1.tgz#c285bb352b701c9dfdaeffc4da5be77f936c9048"
  integrity sha512-W+C9NWNLFOoBI2QWDp4UT9pv65r2w5Cx+3sTYFvtMdDBxkKt1syCqsUdSFAChbEe1uK5TfS04wt/nGwmaeIQ0g==

yaml-ast-parser@0.0.43:
  version "0.0.43"
  resolved "https://registry.yarnpkg.com/yaml-ast-parser/-/yaml-ast-parser-0.0.43.tgz#e8a23e6fb4c38076ab92995c5dca33f3d3d7c9bb"
  integrity sha512-2PTINUwsRqSd+s8XxKaJWQlUuEMHJQyEuh2edBbW8KNJz0SJPwUSD2zRWqezFEdN7IzAgeuYHFUCF7o8zRdZ0A==

yargs-parser@^21.1.1:
  version "21.1.1"
  resolved "https://registry.yarnpkg.com/yargs-parser/-/yargs-parser-21.1.1.tgz#9096bceebf990d21bb31fa9516e0ede294a77d35"
  integrity sha512-tVpsJW7DdjecAiFpbIB1e3qxIQsE6NoPc5/eTdrbbIC4h0LVsWhnoa3g+m2HclBIujHzsxZ4VJVA+GUuc2/LBw==
